
Microsoft Visual Studio Solution File, Format Version 12.00
# Visual Studio Version 16
VisualStudioVersion = 16.0.31019.35
MinimumVisualStudioVersion = 10.0.40219.1
Project("{FAE04EC0-301F-11D3-BF4B-00C04F79EFBC}") = "B21_Ex02_01", "B21_Ex02_01\B21_Ex02_01.csproj", "{2B87EE46-1665-4026-8E9F-ADA3722289AB}"
EndProject
Global
	GlobalSection(SolutionConfigurationPlatforms) = preSolution
		Debug|Any CPU = Debug|Any CPU
		Release|Any CPU = Release|Any CPU
	EndGlobalSection
	GlobalSection(ProjectConfigurationPlatforms) = postSolution
		{2B87EE46-1665-4026-8E9F-ADA3722289AB}.Debug|Any CPU.ActiveCfg = Debug|Any CPU
		{2B87EE46-1665-4026-8E9F-ADA3722289AB}.Debug|Any CPU.Build.0 = Debug|Any CPU
		{2B87EE46-1665-4026-8E9F-ADA3722289AB}.Release|Any CPU.ActiveCfg = Release|Any CPU
		{2B87EE46-1665-4026-8E9F-ADA3722289AB}.Release|Any CPU.Build.0 = Release|Any CPU
	EndGlobalSection
	GlobalSection(SolutionProperties) = preSolution
		HideSolutionNode = FALSE
	EndGlobalSection
	GlobalSection(ExtensibilityGlobals) = postSolution
		SolutionGuid = {83119C42-416E-4ABF-9F88-1098C62B5123}
	EndGlobalSection
EndGlobal
